# THIS IS AN AUTOGENERATED FILE. DO NOT EDIT THIS FILE DIRECTLY.
# yarn lockfile v1


"@types/md5@^2.3.2":
  "integrity" "sha512-v+JFDu96+UYJ3/UWzB0mEglIS//MZXgRaJ4ubUPwOM0gvLc/kcQ3TWNYwENEK7/EcXGQVrW8h/XqednSjBd/Og=="
  "resolved" "https://registry.npmmirror.com/@types/md5/-/md5-2.3.2.tgz"
  "version" "2.3.2"

"@types/node@^17.0.18":
  "integrity" "sha512-eKj4f/BsN/qcculZiRSujogjvp5O/k4lOW5m35NopjZM/QwLOR075a8pJW5hD+Rtdm2DaCVPENS6KtSQnUD6BA=="
  "resolved" "https://registry.npmmirror.com/@types/node/-/node-17.0.18.tgz"
  "version" "17.0.18"

"charenc@0.0.2":
  "integrity" "sha512-yrLQ/yVUFXkzg7EDQsPieE/53+0RlaWTs+wBrvW36cyilJ2SaDWfl4Yj7MtLTXleV9uEKefbAGUPv2/iWSooRA=="
  "resolved" "https://registry.npmmirror.com/charenc/-/charenc-0.0.2.tgz"
  "version" "0.0.2"

"commander@^9.0.0":
  "integrity" "sha512-JJfP2saEKbQqvW+FI93OYUB4ByV5cizMpFMiiJI8xDbBvQvSkIk0VvQdn1CZ8mqAO8Loq2h0gYTYtDFUZUeERw=="
  "resolved" "https://registry.npmmirror.com/commander/-/commander-9.0.0.tgz"
  "version" "9.0.0"

"crypt@0.0.2":
  "integrity" "sha512-mCxBlsHFYh9C+HVpiEacem8FEBnMXgU9gy4zmNC+SXAZNB/1idgp/aulFJ4FgCi7GPEVbfyng092GqL2k2rmow=="
  "resolved" "https://registry.npmmirror.com/crypt/-/crypt-0.0.2.tgz"
  "version" "0.0.2"

"is-buffer@~1.1.6":
  "integrity" "sha512-NcdALwpXkTm5Zvvbk7owOUSvVvBKDgKP5/ewfXEznmQFfs4ZRmanOeKBTjRVjka3QFoN6XJ+9F3USqfHqTaU5w=="
  "resolved" "https://registry.npmmirror.com/is-buffer/-/is-buffer-1.1.6.tgz"
  "version" "1.1.6"

"md5@^2.3.0":
  "integrity" "sha512-T1GITYmFaKuO91vxyoQMFETst+O71VUPEU3ze5GNzDm0OWdP8v1ziTaAEPUr/3kLsY3Sftgz242A1SetQiDL7g=="
  "resolved" "https://registry.npmmirror.com/md5/-/md5-2.3.0.tgz"
  "version" "2.3.0"
  dependencies:
    "charenc" "0.0.2"
    "crypt" "0.0.2"
    "is-buffer" "~1.1.6"

"yfanyi@^0.0.1":
  "integrity" "sha512-3u5QtA28SSEVKJtjPWLDYeB+UUE4IbuDLBhVehl5+XGslMuDBgN81xVrbDe4Q8Hdm4/HhZZrDEJf+c5JTv2mww=="
  "resolved" "https://registry.npmjs.org/yfanyi/-/yfanyi-0.0.1.tgz"
  "version" "0.0.1"
  dependencies:
    "@types/md5" "^2.3.2"
    "commander" "^9.0.0"
    "md5" "^2.3.0"
